// !$*UTF8*$!
{
	archiveVersion = 1;
	classes = {
	};
	objectVersion = 55;
	objects = {

/* Begin PBXBuildFile section */
		BC771E5C2703BAA900BBBC6A /* AppDelegate.swift in Sources */ = {isa = PBXBuildFile; fileRef = BC771E5B2703BAA900BBBC6A /* AppDelegate.swift */; };
		BC771E5E2703BAA900BBBC6A /* SceneDelegate.swift in Sources */ = {isa = PBXBuildFile; fileRef = BC771E5D2703BAA900BBBC6A /* SceneDelegate.swift */; };
		BC771E602703BAA900BBBC6A /* ViewController.swift in Sources */ = {isa = PBXBuildFile; fileRef = BC771E5F2703BAA900BBBC6A /* ViewController.swift */; };
		BC771E632703BAA900BBBC6A /* Main.storyboard in Resources */ = {isa = PBXBuildFile; fileRef = BC771E612703BAA900BBBC6A /* Main.storyboard */; };
		BC771E652703BAAB00BBBC6A /* Assets.xcassets in Resources */ = {isa = PBXBuildFile; fileRef = BC771E642703BAAB00BBBC6A /* Assets.xcassets */; };
		BC771E682703BAAB00BBBC6A /* LaunchScreen.storyboard in Resources */ = {isa = PBXBuildFile; fileRef = BC771E662703BAAB00BBBC6A /* LaunchScreen.storyboard */; };
		BC771E732703BAAB00BBBC6A /* HW2_HusnuTasTests.swift in Sources */ = {isa = PBXBuildFile; fileRef = BC771E722703BAAB00BBBC6A /* HW2_HusnuTasTests.swift */; };
		BC771E7D2703BAAB00BBBC6A /* HW2_HusnuTasUITests.swift in Sources */ = {isa = PBXBuildFile; fileRef = BC771E7C2703BAAB00BBBC6A /* HW2_HusnuTasUITests.swift */; };
		BC771E7F2703BAAB00BBBC6A /* HW2_HusnuTasUITestsLaunchTests.swift in Sources */ = {isa = PBXBuildFile; fileRef = BC771E7E2703BAAB00BBBC6A /* HW2_HusnuTasUITestsLaunchTests.swift */; };
		BC771E8E2703BEA000BBBC6A /* ActionButton.swift in Sources */ = {isa = PBXBuildFile; fileRef = BC771E8D2703BEA000BBBC6A /* ActionButton.swift */; };
		BC771E912703CC0500BBBC6A /* BaseView.swift in Sources */ = {isa = PBXBuildFile; fileRef = BC771E902703CC0400BBBC6A /* BaseView.swift */; };
		BC771E942703D10B00BBBC6A /* FontManager.swift in Sources */ = {isa = PBXBuildFile; fileRef = BC771E932703D10B00BBBC6A /* FontManager.swift */; };
		BC771E962703D11A00BBBC6A /* GenericValueProtocol.swift in Sources */ = {isa = PBXBuildFile; fileRef = BC771E952703D11A00BBBC6A /* GenericValueProtocol.swift */; };
		BC9F250827078EA5003C53AA /* ActionButtonData.swift in Sources */ = {isa = PBXBuildFile; fileRef = BC9F250727078EA5003C53AA /* ActionButtonData.swift */; };
		BC9F250A27079049003C53AA /* ActionButtonTheme.swift in Sources */ = {isa = PBXBuildFile; fileRef = BC9F250927079049003C53AA /* ActionButtonTheme.swift */; };
		BC9F250C2707906C003C53AA /* ActionButtonType.swift in Sources */ = {isa = PBXBuildFile; fileRef = BC9F250B2707906C003C53AA /* ActionButtonType.swift */; };
		BC9F250E2707A77C003C53AA /* GenericBaseView.swift in Sources */ = {isa = PBXBuildFile; fileRef = BC9F250D2707A77C003C53AA /* GenericBaseView.swift */; };
		BC9F25122708AAC5003C53AA /* UIView+Extensions.swift in Sources */ = {isa = PBXBuildFile; fileRef = BC9F25112708AAC5003C53AA /* UIView+Extensions.swift */; };
		BC9F25152708D418003C53AA /* ActionModule.swift in Sources */ = {isa = PBXBuildFile; fileRef = BC9F25142708D418003C53AA /* ActionModule.swift */; };
		BC9F25172708D44F003C53AA /* ActionModuleData.swift in Sources */ = {isa = PBXBuildFile; fileRef = BC9F25162708D44F003C53AA /* ActionModuleData.swift */; };
		BC9F251A2709CA0F003C53AA /* LabelPackComponent.swift in Sources */ = {isa = PBXBuildFile; fileRef = BC9F25192709CA0F003C53AA /* LabelPackComponent.swift */; };
		BC9F251C2709CA1B003C53AA /* LabelPackComponentData.swift in Sources */ = {isa = PBXBuildFile; fileRef = BC9F251B2709CA1B003C53AA /* LabelPackComponentData.swift */; };
/* End PBXBuildFile section */

/* Begin PBXContainerItemProxy section */
		BC771E6F2703BAAB00BBBC6A /* PBXContainerItemProxy */ = {
			isa = PBXContainerItemProxy;
			containerPortal = BC771E502703BAA900BBBC6A /* Project object */;
			proxyType = 1;
			remoteGlobalIDString = BC771E572703BAA900BBBC6A;
			remoteInfo = HW2_HusnuTas;
		};
		BC771E792703BAAB00BBBC6A /* PBXContainerItemProxy */ = {
			isa = PBXContainerItemProxy;
			containerPortal = BC771E502703BAA900BBBC6A /* Project object */;
			proxyType = 1;
			remoteGlobalIDString = BC771E572703BAA900BBBC6A;
			remoteInfo = HW2_HusnuTas;
		};
/* End PBXContainerItemProxy section */

/* Begin PBXFileReference section */
		BC771E582703BAA900BBBC6A /* HW2_HusnuTas.app */ = {isa = PBXFileReference; explicitFileType = wrapper.application; includeInIndex = 0; path = HW2_HusnuTas.app; sourceTree = BUILT_PRODUCTS_DIR; };
		BC771E5B2703BAA900BBBC6A /* AppDelegate.swift */ = {isa = PBXFileReference; lastKnownFileType = sourcecode.swift; path = AppDelegate.swift; sourceTree = "<group>"; };
		BC771E5D2703BAA900BBBC6A /* SceneDelegate.swift */ = {isa = PBXFileReference; lastKnownFileType = sourcecode.swift; path = SceneDelegate.swift; sourceTree = "<group>"; };
		BC771E5F2703BAA900BBBC6A /* ViewController.swift */ = {isa = PBXFileReference; lastKnownFileType = sourcecode.swift; path = ViewController.swift; sourceTree = "<group>"; };
		BC771E622703BAA900BBBC6A /* Base */ = {isa = PBXFileReference; lastKnownFileType = file.storyboard; name = Base; path = Base.lproj/Main.storyboard; sourceTree = "<group>"; };
		BC771E642703BAAB00BBBC6A /* Assets.xcassets */ = {isa = PBXFileReference; lastKnownFileType = folder.assetcatalog; path = Assets.xcassets; sourceTree = "<group>"; };
		BC771E672703BAAB00BBBC6A /* Base */ = {isa = PBXFileReference; lastKnownFileType = file.storyboard; name = Base; path = Base.lproj/LaunchScreen.storyboard; sourceTree = "<group>"; };
		BC771E692703BAAB00BBBC6A /* Info.plist */ = {isa = PBXFileReference; lastKnownFileType = text.plist.xml; path = Info.plist; sourceTree = "<group>"; };
		BC771E6E2703BAAB00BBBC6A /* HW2_HusnuTasTests.xctest */ = {isa = PBXFileReference; explicitFileType = wrapper.cfbundle; includeInIndex = 0; path = HW2_HusnuTasTests.xctest; sourceTree = BUILT_PRODUCTS_DIR; };
		BC771E722703BAAB00BBBC6A /* HW2_HusnuTasTests.swift */ = {isa = PBXFileReference; lastKnownFileType = sourcecode.swift; path = HW2_HusnuTasTests.swift; sourceTree = "<group>"; };
		BC771E782703BAAB00BBBC6A /* HW2_HusnuTasUITests.xctest */ = {isa = PBXFileReference; explicitFileType = wrapper.cfbundle; includeInIndex = 0; path = HW2_HusnuTasUITests.xctest; sourceTree = BUILT_PRODUCTS_DIR; };
		BC771E7C2703BAAB00BBBC6A /* HW2_HusnuTasUITests.swift */ = {isa = PBXFileReference; lastKnownFileType = sourcecode.swift; path = HW2_HusnuTasUITests.swift; sourceTree = "<group>"; };
		BC771E7E2703BAAB00BBBC6A /* HW2_HusnuTasUITestsLaunchTests.swift */ = {isa = PBXFileReference; lastKnownFileType = sourcecode.swift; path = HW2_HusnuTasUITestsLaunchTests.swift; sourceTree = "<group>"; };
		BC771E8D2703BEA000BBBC6A /* ActionButton.swift */ = {isa = PBXFileReference; lastKnownFileType = sourcecode.swift; path = ActionButton.swift; sourceTree = "<group>"; };
		BC771E902703CC0400BBBC6A /* BaseView.swift */ = {isa = PBXFileReference; lastKnownFileType = sourcecode.swift; path = BaseView.swift; sourceTree = "<group>"; };
		BC771E932703D10B00BBBC6A /* FontManager.swift */ = {isa = PBXFileReference; lastKnownFileType = sourcecode.swift; path = FontManager.swift; sourceTree = "<group>"; };
		BC771E952703D11A00BBBC6A /* GenericValueProtocol.swift */ = {isa = PBXFileReference; lastKnownFileType = sourcecode.swift; path = GenericValueProtocol.swift; sourceTree = "<group>"; };
		BC9F250727078EA5003C53AA /* ActionButtonData.swift */ = {isa = PBXFileReference; lastKnownFileType = sourcecode.swift; path = ActionButtonData.swift; sourceTree = "<group>"; };
		BC9F250927079049003C53AA /* ActionButtonTheme.swift */ = {isa = PBXFileReference; lastKnownFileType = sourcecode.swift; path = ActionButtonTheme.swift; sourceTree = "<group>"; };
		BC9F250B2707906C003C53AA /* ActionButtonType.swift */ = {isa = PBXFileReference; lastKnownFileType = sourcecode.swift; path = ActionButtonType.swift; sourceTree = "<group>"; };
		BC9F250D2707A77C003C53AA /* GenericBaseView.swift */ = {isa = PBXFileReference; lastKnownFileType = sourcecode.swift; path = GenericBaseView.swift; sourceTree = "<group>"; };
		BC9F25112708AAC5003C53AA /* UIView+Extensions.swift */ = {isa = PBXFileReference; lastKnownFileType = sourcecode.swift; path = "UIView+Extensions.swift"; sourceTree = "<group>"; };
		BC9F25142708D418003C53AA /* ActionModule.swift */ = {isa = PBXFileReference; lastKnownFileType = sourcecode.swift; path = ActionModule.swift; sourceTree = "<group>"; };
		BC9F25162708D44F003C53AA /* ActionModuleData.swift */ = {isa = PBXFileReference; lastKnownFileType = sourcecode.swift; path = ActionModuleData.swift; sourceTree = "<group>"; };
		BC9F25192709CA0F003C53AA /* LabelPackComponent.swift */ = {isa = PBXFileReference; lastKnownFileType = sourcecode.swift; path = LabelPackComponent.swift; sourceTree = "<group>"; };
		BC9F251B2709CA1B003C53AA /* LabelPackComponentData.swift */ = {isa = PBXFileReference; lastKnownFileType = sourcecode.swift; path = LabelPackComponentData.swift; sourceTree = "<group>"; };
/* End PBXFileReference section */

/* Begin PBXFrameworksBuildPhase section */
		BC771E552703BAA900BBBC6A /* Frameworks */ = {
			isa = PBXFrameworksBuildPhase;
			buildActionMask = 2147483647;
			files = (
			);
			runOnlyForDeploymentPostprocessing = 0;
		};
		BC771E6B2703BAAB00BBBC6A /* Frameworks */ = {
			isa = PBXFrameworksBuildPhase;
			buildActionMask = 2147483647;
			files = (
			);
			runOnlyForDeploymentPostprocessing = 0;
		};
		BC771E752703BAAB00BBBC6A /* Frameworks */ = {
			isa = PBXFrameworksBuildPhase;
			buildActionMask = 2147483647;
			files = (
			);
			runOnlyForDeploymentPostprocessing = 0;
		};
/* End PBXFrameworksBuildPhase section */

/* Begin PBXGroup section */
		BC771E4F2703BAA900BBBC6A = {
			isa = PBXGroup;
			children = (
				BC771E5A2703BAA900BBBC6A /* HW2_HusnuTas */,
				BC771E712703BAAB00BBBC6A /* HW2_HusnuTasTests */,
				BC771E7B2703BAAB00BBBC6A /* HW2_HusnuTasUITests */,
				BC771E592703BAA900BBBC6A /* Products */,
			);
			sourceTree = "<group>";
		};
		BC771E592703BAA900BBBC6A /* Products */ = {
			isa = PBXGroup;
			children = (
				BC771E582703BAA900BBBC6A /* HW2_HusnuTas.app */,
				BC771E6E2703BAAB00BBBC6A /* HW2_HusnuTasTests.xctest */,
				BC771E782703BAAB00BBBC6A /* HW2_HusnuTasUITests.xctest */,
			);
			name = Products;
			sourceTree = "<group>";
		};
		BC771E5A2703BAA900BBBC6A /* HW2_HusnuTas */ = {
			isa = PBXGroup;
			children = (
				BC771E922703D0EE00BBBC6A /* Utils */,
				BC771E8F2703CBE300BBBC6A /* BaseComponent */,
				BC771E8B2703BE6500BBBC6A /* Components */,
				BC771E5B2703BAA900BBBC6A /* AppDelegate.swift */,
				BC771E5D2703BAA900BBBC6A /* SceneDelegate.swift */,
				BC771E5F2703BAA900BBBC6A /* ViewController.swift */,
				BC771E612703BAA900BBBC6A /* Main.storyboard */,
				BC771E642703BAAB00BBBC6A /* Assets.xcassets */,
				BC771E662703BAAB00BBBC6A /* LaunchScreen.storyboard */,
				BC771E692703BAAB00BBBC6A /* Info.plist */,
			);
			path = HW2_HusnuTas;
			sourceTree = "<group>";
		};
		BC771E712703BAAB00BBBC6A /* HW2_HusnuTasTests */ = {
			isa = PBXGroup;
			children = (
				BC771E722703BAAB00BBBC6A /* HW2_HusnuTasTests.swift */,
			);
			path = HW2_HusnuTasTests;
			sourceTree = "<group>";
		};
		BC771E7B2703BAAB00BBBC6A /* HW2_HusnuTasUITests */ = {
			isa = PBXGroup;
			children = (
				BC771E7C2703BAAB00BBBC6A /* HW2_HusnuTasUITests.swift */,
				BC771E7E2703BAAB00BBBC6A /* HW2_HusnuTasUITestsLaunchTests.swift */,
			);
			path = HW2_HusnuTasUITests;
			sourceTree = "<group>";
		};
		BC771E8B2703BE6500BBBC6A /* Components */ = {
			isa = PBXGroup;
			children = (
				BC9F25182709C9F1003C53AA /* LabelPackComponent */,
				BC9F25132708D400003C53AA /* ActionModuleComponent */,
				BC771E8C2703BE6E00BBBC6A /* ActionButtonComponent */,
			);
			path = Components;
			sourceTree = "<group>";
		};
		BC771E8C2703BE6E00BBBC6A /* ActionButtonComponent */ = {
			isa = PBXGroup;
			children = (
				BC771E8D2703BEA000BBBC6A /* ActionButton.swift */,
				BC9F250727078EA5003C53AA /* ActionButtonData.swift */,
				BC9F250927079049003C53AA /* ActionButtonTheme.swift */,
				BC9F250B2707906C003C53AA /* ActionButtonType.swift */,
			);
			path = ActionButtonComponent;
			sourceTree = "<group>";
		};
		BC771E8F2703CBE300BBBC6A /* BaseComponent */ = {
			isa = PBXGroup;
			children = (
				BC771E902703CC0400BBBC6A /* BaseView.swift */,
				BC9F250D2707A77C003C53AA /* GenericBaseView.swift */,
			);
			path = BaseComponent;
			sourceTree = "<group>";
		};
		BC771E922703D0EE00BBBC6A /* Utils */ = {
			isa = PBXGroup;
			children = (
				BC9F25102708AAAB003C53AA /* Extensions */,
				BC9F250F2708AA8C003C53AA /* FontManagers */,
				BC771E952703D11A00BBBC6A /* GenericValueProtocol.swift */,
			);
			path = Utils;
			sourceTree = "<group>";
		};
		BC9F250F2708AA8C003C53AA /* FontManagers */ = {
			isa = PBXGroup;
			children = (
				BC771E932703D10B00BBBC6A /* FontManager.swift */,
			);
			path = FontManagers;
			sourceTree = "<group>";
		};
		BC9F25102708AAAB003C53AA /* Extensions */ = {
			isa = PBXGroup;
			children = (
				BC9F25112708AAC5003C53AA /* UIView+Extensions.swift */,
			);
			path = Extensions;
			sourceTree = "<group>";
		};
		BC9F25132708D400003C53AA /* ActionModuleComponent */ = {
			isa = PBXGroup;
			children = (
				BC9F25142708D418003C53AA /* ActionModule.swift */,
				BC9F25162708D44F003C53AA /* ActionModuleData.swift */,
			);
			path = ActionModuleComponent;
			sourceTree = "<group>";
		};
		BC9F25182709C9F1003C53AA /* LabelPackComponent */ = {
			isa = PBXGroup;
			children = (
				BC9F25192709CA0F003C53AA /* LabelPackComponent.swift */,
				BC9F251B2709CA1B003C53AA /* LabelPackComponentData.swift */,
			);
			path = LabelPackComponent;
			sourceTree = "<group>";
		};
/* End PBXGroup section */

/* Begin PBXNativeTarget section */
		BC771E572703BAA900BBBC6A /* HW2_HusnuTas */ = {
			isa = PBXNativeTarget;
			buildConfigurationList = BC771E822703BAAB00BBBC6A /* Build configuration list for PBXNativeTarget "HW2_HusnuTas" */;
			buildPhases = (
				BC771E542703BAA900BBBC6A /* Sources */,
				BC771E552703BAA900BBBC6A /* Frameworks */,
				BC771E562703BAA900BBBC6A /* Resources */,
			);
			buildRules = (
			);
			dependencies = (
			);
			name = HW2_HusnuTas;
			productName = HW2_HusnuTas;
			productReference = BC771E582703BAA900BBBC6A /* HW2_HusnuTas.app */;
			productType = "com.apple.product-type.application";
		};
		BC771E6D2703BAAB00BBBC6A /* HW2_HusnuTasTests */ = {
			isa = PBXNativeTarget;
			buildConfigurationList = BC771E852703BAAB00BBBC6A /* Build configuration list for PBXNativeTarget "HW2_HusnuTasTests" */;
			buildPhases = (
				BC771E6A2703BAAB00BBBC6A /* Sources */,
				BC771E6B2703BAAB00BBBC6A /* Frameworks */,
				BC771E6C2703BAAB00BBBC6A /* Resources */,
			);
			buildRules = (
			);
			dependencies = (
				BC771E702703BAAB00BBBC6A /* PBXTargetDependency */,
			);
			name = HW2_HusnuTasTests;
			productName = HW2_HusnuTasTests;
			productReference = BC771E6E2703BAAB00BBBC6A /* HW2_HusnuTasTests.xctest */;
			productType = "com.apple.product-type.bundle.unit-test";
		};
		BC771E772703BAAB00BBBC6A /* HW2_HusnuTasUITests */ = {
			isa = PBXNativeTarget;
			buildConfigurationList = BC771E882703BAAB00BBBC6A /* Build configuration list for PBXNativeTarget "HW2_HusnuTasUITests" */;
			buildPhases = (
				BC771E742703BAAB00BBBC6A /* Sources */,
				BC771E752703BAAB00BBBC6A /* Frameworks */,
				BC771E762703BAAB00BBBC6A /* Resources */,
			);
			buildRules = (
			);
			dependencies = (
				BC771E7A2703BAAB00BBBC6A /* PBXTargetDependency */,
			);
			name = HW2_HusnuTasUITests;
			productName = HW2_HusnuTasUITests;
			productReference = BC771E782703BAAB00BBBC6A /* HW2_HusnuTasUITests.xctest */;
			productType = "com.apple.product-type.bundle.ui-testing";
		};
/* End PBXNativeTarget section */

/* Begin PBXProject section */
		BC771E502703BAA900BBBC6A /* Project object */ = {
			isa = PBXProject;
			attributes = {
				BuildIndependentTargetsInParallel = 1;
				LastSwiftUpdateCheck = 1300;
				LastUpgradeCheck = 1300;
				TargetAttributes = {
					BC771E572703BAA900BBBC6A = {
						CreatedOnToolsVersion = 13.0;
					};
					BC771E6D2703BAAB00BBBC6A = {
						CreatedOnToolsVersion = 13.0;
						TestTargetID = BC771E572703BAA900BBBC6A;
					};
					BC771E772703BAAB00BBBC6A = {
						CreatedOnToolsVersion = 13.0;
						TestTargetID = BC771E572703BAA900BBBC6A;
					};
				};
			};
			buildConfigurationList = BC771E532703BAA900BBBC6A /* Build configuration list for PBXProject "HW2_HusnuTas" */;
			compatibilityVersion = "Xcode 13.0";
			developmentRegion = en;
			hasScannedForEncodings = 0;
			knownRegions = (
				en,
				Base,
			);
			mainGroup = BC771E4F2703BAA900BBBC6A;
			productRefGroup = BC771E592703BAA900BBBC6A /* Products */;
			projectDirPath = "";
			projectRoot = "";
			targets = (
				BC771E572703BAA900BBBC6A /* HW2_HusnuTas */,
				BC771E6D2703BAAB00BBBC6A /* HW2_HusnuTasTests */,
				BC771E772703BAAB00BBBC6A /* HW2_HusnuTasUITests */,
			);
		};
/* End PBXProject section */

/* Begin PBXResourcesBuildPhase section */
		BC771E562703BAA900BBBC6A /* Resources */ = {
			isa = PBXResourcesBuildPhase;
			buildActionMask = 2147483647;
			files = (
				BC771E682703BAAB00BBBC6A /* LaunchScreen.storyboard in Resources */,
				BC771E652703BAAB00BBBC6A /* Assets.xcassets in Resources */,
				BC771E632703BAA900BBBC6A /* Main.storyboard in Resources */,
			);
			runOnlyForDeploymentPostprocessing = 0;
		};
		BC771E6C2703BAAB00BBBC6A /* Resources */ = {
			isa = PBXResourcesBuildPhase;
			buildActionMask = 2147483647;
			files = (
			);
			runOnlyForDeploymentPostprocessing = 0;
		};
		BC771E762703BAAB00BBBC6A /* Resources */ = {
			isa = PBXResourcesBuildPhase;
			buildActionMask = 2147483647;
			files = (
			);
			runOnlyForDeploymentPostprocessing = 0;
		};
/* End PBXResourcesBuildPhase section */

/* Begin PBXSourcesBuildPhase section */
		BC771E542703BAA900BBBC6A /* Sources */ = {
			isa = PBXSourcesBuildPhase;
			buildActionMask = 2147483647;
			files = (
				BC771E602703BAA900BBBC6A /* ViewController.swift in Sources */,
				BC771E5C2703BAA900BBBC6A /* AppDelegate.swift in Sources */,
				BC771E912703CC0500BBBC6A /* BaseView.swift in Sources */,
				BC9F251C2709CA1B003C53AA /* LabelPackComponentData.swift in Sources */,
				BC9F25172708D44F003C53AA /* ActionModuleData.swift in Sources */,
				BC9F250C2707906C003C53AA /* ActionButtonType.swift in Sources */,
				BC771E5E2703BAA900BBBC6A /* SceneDelegate.swift in Sources */,
				BC9F251A2709CA0F003C53AA /* LabelPackComponent.swift in Sources */,
				BC9F250E2707A77C003C53AA /* GenericBaseView.swift in Sources */,
				BC9F25152708D418003C53AA /* ActionModule.swift in Sources */,
				BC9F25122708AAC5003C53AA /* UIView+Extensions.swift in Sources */,
				BC9F250A27079049003C53AA /* ActionButtonTheme.swift in Sources */,
				BC771E942703D10B00BBBC6A /* FontManager.swift in Sources */,
				BC9F250827078EA5003C53AA /* ActionButtonData.swift in Sources */,
				BC771E8E2703BEA000BBBC6A /* ActionButton.swift in Sources */,
				BC771E962703D11A00BBBC6A /* GenericValueProtocol.swift in Sources */,
			);
			runOnlyForDeploymentPostprocessing = 0;
		};
		BC771E6A2703BAAB00BBBC6A /* Sources */ = {
			isa = PBXSourcesBuildPhase;
			buildActionMask = 2147483647;
			files = (
				BC771E732703BAAB00BBBC6A /* HW2_HusnuTasTests.swift in Sources */,
			);
			runOnlyForDeploymentPostprocessing = 0;
		};
		BC771E742703BAAB00BBBC6A /* Sources */ = {
			isa = PBXSourcesBuildPhase;
			buildActionMask = 2147483647;
			files = (
				BC771E7D2703BAAB00BBBC6A /* HW2_HusnuTasUITests.swift in Sources */,
				BC771E7F2703BAAB00BBBC6A /* HW2_HusnuTasUITestsLaunchTests.swift in Sources */,
			);
			runOnlyForDeploymentPostprocessing = 0;
		};
/* End PBXSourcesBuildPhase section */

/* Begin PBXTargetDependency section */
		BC771E702703BAAB00BBBC6A /* PBXTargetDependency */ = {
			isa = PBXTargetDependency;
			target = BC771E572703BAA900BBBC6A /* HW2_HusnuTas */;
			targetProxy = BC771E6F2703BAAB00BBBC6A /* PBXContainerItemProxy */;
		};
		BC771E7A2703BAAB00BBBC6A /* PBXTargetDependency */ = {
			isa = PBXTargetDependency;
			target = BC771E572703BAA900BBBC6A /* HW2_HusnuTas */;
			targetProxy = BC771E792703BAAB00BBBC6A /* PBXContainerItemProxy */;
		};
/* End PBXTargetDependency section */

/* Begin PBXVariantGroup section */
		BC771E612703BAA900BBBC6A /* Main.storyboard */ = {
			isa = PBXVariantGroup;
			children = (
				BC771E622703BAA900BBBC6A /* Base */,
			);
			name = Main.storyboard;
			sourceTree = "<group>";
		};
		BC771E662703BAAB00BBBC6A /* LaunchScreen.storyboard */ = {
			isa = PBXVariantGroup;
			children = (
				BC771E672703BAAB00BBBC6A /* Base */,
			);
			name = LaunchScreen.storyboard;
			sourceTree = "<group>";
		};
/* End PBXVariantGroup section */

/* Begin XCBuildConfiguration section */
		BC771E802703BAAB00BBBC6A /* Debug */ = {
			isa = XCBuildConfiguration;
			buildSettings = {
				ALWAYS_SEARCH_USER_PATHS = NO;
				CLANG_ANALYZER_NONNULL = YES;
				CLANG_ANALYZER_NUMBER_OBJECT_CONVERSION = YES_AGGRESSIVE;
				CLANG_CXX_LANGUAGE_STANDARD = "gnu++17";
				CLANG_CXX_LIBRARY = "libc++";
				CLANG_ENABLE_MODULES = YES;
				CLANG_ENABLE_OBJC_ARC = YES;
				CLANG_ENABLE_OBJC_WEAK = YES;
				CLANG_WARN_BLOCK_CAPTURE_AUTORELEASING = YES;
				CLANG_WARN_BOOL_CONVERSION = YES;
				CLANG_WARN_COMMA = YES;
				CLANG_WARN_CONSTANT_CONVERSION = YES;
				CLANG_WARN_DEPRECATED_OBJC_IMPLEMENTATIONS = YES;
				CLANG_WARN_DIRECT_OBJC_ISA_USAGE = YES_ERROR;
				CLANG_WARN_DOCUMENTATION_COMMENTS = YES;
				CLANG_WARN_EMPTY_BODY = YES;
				CLANG_WARN_ENUM_CONVERSION = YES;
				CLANG_WARN_INFINITE_RECURSION = YES;
				CLANG_WARN_INT_CONVERSION = YES;
				CLANG_WARN_NON_LITERAL_NULL_CONVERSION = YES;
				CLANG_WARN_OBJC_IMPLICIT_RETAIN_SELF = YES;
				CLANG_WARN_OBJC_LITERAL_CONVERSION = YES;
				CLANG_WARN_OBJC_ROOT_CLASS = YES_ERROR;
				CLANG_WARN_QUOTED_INCLUDE_IN_FRAMEWORK_HEADER = YES;
				CLANG_WARN_RANGE_LOOP_ANALYSIS = YES;
				CLANG_WARN_STRICT_PROTOTYPES = YES;
				CLANG_WARN_SUSPICIOUS_MOVE = YES;
				CLANG_WARN_UNGUARDED_AVAILABILITY = YES_AGGRESSIVE;
				CLANG_WARN_UNREACHABLE_CODE = YES;
				CLANG_WARN__DUPLICATE_METHOD_MATCH = YES;
				COPY_PHASE_STRIP = NO;
				DEBUG_INFORMATION_FORMAT = dwarf;
				ENABLE_STRICT_OBJC_MSGSEND = YES;
				ENABLE_TESTABILITY = YES;
				GCC_C_LANGUAGE_STANDARD = gnu11;
				GCC_DYNAMIC_NO_PIC = NO;
				GCC_NO_COMMON_BLOCKS = YES;
				GCC_OPTIMIZATION_LEVEL = 0;
				GCC_PREPROCESSOR_DEFINITIONS = (
					"DEBUG=1",
					"$(inherited)",
				);
				GCC_WARN_64_TO_32_BIT_CONVERSION = YES;
				GCC_WARN_ABOUT_RETURN_TYPE = YES_ERROR;
				GCC_WARN_UNDECLARED_SELECTOR = YES;
				GCC_WARN_UNINITIALIZED_AUTOS = YES_AGGRESSIVE;
				GCC_WARN_UNUSED_FUNCTION = YES;
				GCC_WARN_UNUSED_VARIABLE = YES;
				IPHONEOS_DEPLOYMENT_TARGET = 15.0;
				MTL_ENABLE_DEBUG_INFO = INCLUDE_SOURCE;
				MTL_FAST_MATH = YES;
				ONLY_ACTIVE_ARCH = YES;
				SDKROOT = iphoneos;
				SWIFT_ACTIVE_COMPILATION_CONDITIONS = DEBUG;
				SWIFT_OPTIMIZATION_LEVEL = "-Onone";
			};
			name = Debug;
		};
		BC771E812703BAAB00BBBC6A /* Release */ = {
			isa = XCBuildConfiguration;
			buildSettings = {
				ALWAYS_SEARCH_USER_PATHS = NO;
				CLANG_ANALYZER_NONNULL = YES;
				CLANG_ANALYZER_NUMBER_OBJECT_CONVERSION = YES_AGGRESSIVE;
				CLANG_CXX_LANGUAGE_STANDARD = "gnu++17";
				CLANG_CXX_LIBRARY = "libc++";
				CLANG_ENABLE_MODULES = YES;
				CLANG_ENABLE_OBJC_ARC = YES;
				CLANG_ENABLE_OBJC_WEAK = YES;
				CLANG_WARN_BLOCK_CAPTURE_AUTORELEASING = YES;
				CLANG_WARN_BOOL_CONVERSION = YES;
				CLANG_WARN_COMMA = YES;
				CLANG_WARN_CONSTANT_CONVERSION = YES;
				CLANG_WARN_DEPRECATED_OBJC_IMPLEMENTATIONS = YES;
				CLANG_WARN_DIRECT_OBJC_ISA_USAGE = YES_ERROR;
				CLANG_WARN_DOCUMENTATION_COMMENTS = YES;
				CLANG_WARN_EMPTY_BODY = YES;
				CLANG_WARN_ENUM_CONVERSION = YES;
				CLANG_WARN_INFINITE_RECURSION = YES;
				CLANG_WARN_INT_CONVERSION = YES;
				CLANG_WARN_NON_LITERAL_NULL_CONVERSION = YES;
				CLANG_WARN_OBJC_IMPLICIT_RETAIN_SELF = YES;
				CLANG_WARN_OBJC_LITERAL_CONVERSION = YES;
				CLANG_WARN_OBJC_ROOT_CLASS = YES_ERROR;
				CLANG_WARN_QUOTED_INCLUDE_IN_FRAMEWORK_HEADER = YES;
				CLANG_WARN_RANGE_LOOP_ANALYSIS = YES;
				CLANG_WARN_STRICT_PROTOTYPES = YES;
				CLANG_WARN_SUSPICIOUS_MOVE = YES;
				CLANG_WARN_UNGUARDED_AVAILABILITY = YES_AGGRESSIVE;
				CLANG_WARN_UNREACHABLE_CODE = YES;
				CLANG_WARN__DUPLICATE_METHOD_MATCH = YES;
				COPY_PHASE_STRIP = NO;
				DEBUG_INFORMATION_FORMAT = "dwarf-with-dsym";
				ENABLE_NS_ASSERTIONS = NO;
				ENABLE_STRICT_OBJC_MSGSEND = YES;
				GCC_C_LANGUAGE_STANDARD = gnu11;
				GCC_NO_COMMON_BLOCKS = YES;
				GCC_WARN_64_TO_32_BIT_CONVERSION = YES;
				GCC_WARN_ABOUT_RETURN_TYPE = YES_ERROR;
				GCC_WARN_UNDECLARED_SELECTOR = YES;
				GCC_WARN_UNINITIALIZED_AUTOS = YES_AGGRESSIVE;
				GCC_WARN_UNUSED_FUNCTION = YES;
				GCC_WARN_UNUSED_VARIABLE = YES;
				IPHONEOS_DEPLOYMENT_TARGET = 15.0;
				MTL_ENABLE_DEBUG_INFO = NO;
				MTL_FAST_MATH = YES;
				SDKROOT = iphoneos;
				SWIFT_COMPILATION_MODE = wholemodule;
				SWIFT_OPTIMIZATION_LEVEL = "-O";
				VALIDATE_PRODUCT = YES;
			};
			name = Release;
		};
		BC771E832703BAAB00BBBC6A /* Debug */ = {
			isa = XCBuildConfiguration;
			buildSettings = {
				ASSETCATALOG_COMPILER_APPICON_NAME = AppIcon;
				ASSETCATALOG_COMPILER_GLOBAL_ACCENT_COLOR_NAME = AccentColor;
				CODE_SIGN_STYLE = Automatic;
				CURRENT_PROJECT_VERSION = 1;
				DEVELOPMENT_TEAM = 2BAW85345C;
				GENERATE_INFOPLIST_FILE = YES;
				INFOPLIST_FILE = HW2_HusnuTas/Info.plist;
				INFOPLIST_KEY_UIApplicationSupportsIndirectInputEvents = YES;
				INFOPLIST_KEY_UILaunchStoryboardName = LaunchScreen;
				INFOPLIST_KEY_UIMainStoryboardFile = Main;
				INFOPLIST_KEY_UISupportedInterfaceOrientations_iPad = "UIInterfaceOrientationPortrait UIInterfaceOrientationPortraitUpsideDown UIInterfaceOrientationLandscapeLeft UIInterfaceOrientationLandscapeRight";
				INFOPLIST_KEY_UISupportedInterfaceOrientations_iPhone = "UIInterfaceOrientationPortrait UIInterfaceOrientationLandscapeLeft UIInterfaceOrientationLandscapeRight";
				LD_RUNPATH_SEARCH_PATHS = (
					"$(inherited)",
					"@executable_path/Frameworks",
				);
				MARKETING_VERSION = 1.0;
				PRODUCT_BUNDLE_IDENTIFIER = "com.husnutas.HW2-HusnuTas";
				PRODUCT_NAME = "$(TARGET_NAME)";
				SWIFT_EMIT_LOC_STRINGS = YES;
				SWIFT_VERSION = 5.0;
				TARGETED_DEVICE_FAMILY = "1,2";
			};
			name = Debug;
		};
		BC771E842703BAAB00BBBC6A /* Release */ = {
			isa = XCBuildConfiguration;
			buildSettings = {
				ASSETCATALOG_COMPILER_APPICON_NAME = AppIcon;
				ASSETCATALOG_COMPILER_GLOBAL_ACCENT_COLOR_NAME = AccentColor;
				CODE_SIGN_STYLE = Automatic;
				CURRENT_PROJECT_VERSION = 1;
				DEVELOPMENT_TEAM = 2BAW85345C;
				GENERATE_INFOPLIST_FILE = YES;
				INFOPLIST_FILE = HW2_HusnuTas/Info.plist;
				INFOPLIST_KEY_UIApplicationSupportsIndirectInputEvents = YES;
				INFOPLIST_KEY_UILaunchStoryboardName = LaunchScreen;
				INFOPLIST_KEY_UIMainStoryboardFile = Main;
				INFOPLIST_KEY_UISupportedInterfaceOrientations_iPad = "UIInterfaceOrientationPortrait UIInterfaceOrientationPortraitUpsideDown UIInterfaceOrientationLandscapeLeft UIInterfaceOrientationLandscapeRight";
				INFOPLIST_KEY_UISupportedInterfaceOrientations_iPhone = "UIInterfaceOrientationPortrait UIInterfaceOrientationLandscapeLeft UIInterfaceOrientationLandscapeRight";
				LD_RUNPATH_SEARCH_PATHS = (
					"$(inherited)",
					"@executable_path/Frameworks",
				);
				MARKETING_VERSION = 1.0;
				PRODUCT_BUNDLE_IDENTIFIER = "com.husnutas.HW2-HusnuTas";
				PRODUCT_NAME = "$(TARGET_NAME)";
				SWIFT_EMIT_LOC_STRINGS = YES;
				SWIFT_VERSION = 5.0;
				TARGETED_DEVICE_FAMILY = "1,2";
			};
			name = Release;
		};
		BC771E862703BAAB00BBBC6A /* Debug */ = {
			isa = XCBuildConfiguration;
			buildSettings = {
				ALWAYS_EMBED_SWIFT_STANDARD_LIBRARIES = YES;
				BUNDLE_LOADER = "$(TEST_HOST)";
				CODE_SIGN_STYLE = Automatic;
				CURRENT_PROJECT_VERSION = 1;
				DEVELOPMENT_TEAM = 2BAW85345C;
				GENERATE_INFOPLIST_FILE = YES;
				IPHONEOS_DEPLOYMENT_TARGET = 15.0;
				LD_RUNPATH_SEARCH_PATHS = (
					"$(inherited)",
					"@executable_path/Frameworks",
					"@loader_path/Frameworks",
				);
				MARKETING_VERSION = 1.0;
				PRODUCT_BUNDLE_IDENTIFIER = "com.husnutas.HW2-HusnuTasTests";
				PRODUCT_NAME = "$(TARGET_NAME)";
				SWIFT_EMIT_LOC_STRINGS = NO;
				SWIFT_VERSION = 5.0;
				TARGETED_DEVICE_FAMILY = "1,2";
				TEST_HOST = "$(BUILT_PRODUCTS_DIR)/HW2_HusnuTas.app/HW2_HusnuTas";
			};
			name = Debug;
		};
		BC771E872703BAAB00BBBC6A /* Release */ = {
			isa = XCBuildConfiguration;
			buildSettings = {
				ALWAYS_EMBED_SWIFT_STANDARD_LIBRARIES = YES;
				BUNDLE_LOADER = "$(TEST_HOST)";
				CODE_SIGN_STYLE = Automatic;
				CURRENT_PROJECT_VERSION = 1;
				DEVELOPMENT_TEAM = 2BAW85345C;
				GENERATE_INFOPLIST_FILE = YES;
				IPHONEOS_DEPLOYMENT_TARGET = 15.0;
				LD_RUNPATH_SEARCH_PATHS = (
					"$(inherited)",
					"@executable_path/Frameworks",
					"@loader_path/Frameworks",
				);
				MARKETING_VERSION = 1.0;
				PRODUCT_BUNDLE_IDENTIFIER = "com.husnutas.HW2-HusnuTasTests";
				PRODUCT_NAME = "$(TARGET_NAME)";
				SWIFT_EMIT_LOC_STRINGS = NO;
				SWIFT_VERSION = 5.0;
				TARGETED_DEVICE_FAMILY = "1,2";
				TEST_HOST = "$(BUILT_PRODUCTS_DIR)/HW2_HusnuTas.app/HW2_HusnuTas";
			};
			name = Release;
		};
		BC771E892703BAAB00BBBC6A /* Debug */ = {
			isa = XCBuildConfiguration;
			buildSettings = {
				ALWAYS_EMBED_SWIFT_STANDARD_LIBRARIES = YES;
				CODE_SIGN_STYLE = Automatic;
				CURRENT_PROJECT_VERSION = 1;
				DEVELOPMENT_TEAM = 2BAW85345C;
				GENERATE_INFOPLIST_FILE = YES;
				LD_RUNPATH_SEARCH_PATHS = (
					"$(inherited)",
					"@executable_path/Frameworks",
					"@loader_path/Frameworks",
				);
				MARKETING_VERSION = 1.0;
				PRODUCT_BUNDLE_IDENTIFIER = "com.husnutas.HW2-HusnuTasUITests";
				PRODUCT_NAME = "$(TARGET_NAME)";
				SWIFT_EMIT_LOC_STRINGS = NO;
				SWIFT_VERSION = 5.0;
				TARGETED_DEVICE_FAMILY = "1,2";
				TEST_TARGET_NAME = HW2_HusnuTas;
			};
			name = Debug;
		};
		BC771E8A2703BAAB00BBBC6A /* Release */ = {
			isa = XCBuildConfiguration;
			buildSettings = {
				ALWAYS_EMBED_SWIFT_STANDARD_LIBRARIES = YES;
				CODE_SIGN_STYLE = Automatic;
				CURRENT_PROJECT_VERSION = 1;
				DEVELOPMENT_TEAM = 2BAW85345C;
				GENERATE_INFOPLIST_FILE = YES;
				LD_RUNPATH_SEARCH_PATHS = (
					"$(inherited)",
					"@executable_path/Frameworks",
					"@loader_path/Frameworks",
				);
				MARKETING_VERSION = 1.0;
				PRODUCT_BUNDLE_IDENTIFIER = "com.husnutas.HW2-HusnuTasUITests";
				PRODUCT_NAME = "$(TARGET_NAME)";
				SWIFT_EMIT_LOC_STRINGS = NO;
				SWIFT_VERSION = 5.0;
				TARGETED_DEVICE_FAMILY = "1,2";
				TEST_TARGET_NAME = HW2_HusnuTas;
			};
			name = Release;
		};
/* End XCBuildConfiguration section */

/* Begin XCConfigurationList section */
		BC771E532703BAA900BBBC6A /* Build configuration list for PBXProject "HW2_HusnuTas" */ = {
			isa = XCConfigurationList;
			buildConfigurations = (
				BC771E802703BAAB00BBBC6A /* Debug */,
				BC771E812703BAAB00BBBC6A /* Release */,
			);
			defaultConfigurationIsVisible = 0;
			defaultConfigurationName = Release;
		};
		BC771E822703BAAB00BBBC6A /* Build configuration list for PBXNativeTarget "HW2_HusnuTas" */ = {
			isa = XCConfigurationList;
			buildConfigurations = (
				BC771E832703BAAB00BBBC6A /* Debug */,
				BC771E842703BAAB00BBBC6A /* Release */,
			);
			defaultConfigurationIsVisible = 0;
			defaultConfigurationName = Release;
		};
		BC771E852703BAAB00BBBC6A /* Build configuration list for PBXNativeTarget "HW2_HusnuTasTests" */ = {
			isa = XCConfigurationList;
			buildConfigurations = (
				BC771E862703BAAB00BBBC6A /* Debug */,
				BC771E872703BAAB00BBBC6A /* Release */,
			);
			defaultConfigurationIsVisible = 0;
			defaultConfigurationName = Release;
		};
		BC771E882703BAAB00BBBC6A /* Build configuration list for PBXNativeTarget "HW2_HusnuTasUITests" */ = {
			isa = XCConfigurationList;
			buildConfigurations = (
				BC771E892703BAAB00BBBC6A /* Debug */,
				BC771E8A2703BAAB00BBBC6A /* Release */,
			);
			defaultConfigurationIsVisible = 0;
			defaultConfigurationName = Release;
		};
/* End XCConfigurationList section */
	};
	rootObject = BC771E502703BAA900BBBC6A /* Project object */;
}
